
Microsoft Visual Studio Solution File, Format Version 12.00
# Visual Studio Version 17
VisualStudioVersion = 17.1.32421.90
MinimumVisualStudioVersion = 10.0.40219.1
Project("{FAE04EC0-301F-11D3-BF4B-00C04F79EFBC}") = "Summator", "Summator\Summator.csproj", "{F4055101-9918-4AA3-B1F2-A3715A844954}"
EndProject
Project("{FAE04EC0-301F-11D3-BF4B-00C04F79EFBC}") = "Summator.Tests", "Summator.Tests\Summator.Tests.csproj", "{1AFBEAC2-3A97-4D03-BE97-C9265B2AA5C8}"
EndProject
Global
	GlobalSection(SolutionConfigurationPlatforms) = preSolution
		Debug|Any CPU = Debug|Any CPU
		Release|Any CPU = Release|Any CPU
	EndGlobalSection
	GlobalSection(ProjectConfigurationPlatforms) = postSolution
		{F4055101-9918-4AA3-B1F2-A3715A844954}.Debug|Any CPU.ActiveCfg = Debug|Any CPU
		{F4055101-9918-4AA3-B1F2-A3715A844954}.Debug|Any CPU.Build.0 = Debug|Any CPU
		{F4055101-9918-4AA3-B1F2-A3715A844954}.Release|Any CPU.ActiveCfg = Release|Any CPU
		{F4055101-9918-4AA3-B1F2-A3715A844954}.Release|Any CPU.Build.0 = Release|Any CPU
		{1AFBEAC2-3A97-4D03-BE97-C9265B2AA5C8}.Debug|Any CPU.ActiveCfg = Debug|Any CPU
		{1AFBEAC2-3A97-4D03-BE97-C9265B2AA5C8}.Debug|Any CPU.Build.0 = Debug|Any CPU
		{1AFBEAC2-3A97-4D03-BE97-C9265B2AA5C8}.Release|Any CPU.ActiveCfg = Release|Any CPU
		{1AFBEAC2-3A97-4D03-BE97-C9265B2AA5C8}.Release|Any CPU.Build.0 = Release|Any CPU
	EndGlobalSection
	GlobalSection(SolutionProperties) = preSolution
		HideSolutionNode = FALSE
	EndGlobalSection
	GlobalSection(ExtensibilityGlobals) = postSolution
		SolutionGuid = {4737F6DA-24DD-422F-8D0E-CA3EF2583214}
	EndGlobalSection
EndGlobal
